// !$*UTF8*$!
{
	archiveVersion = 1;
	classes = {
	};
	objectVersion = 48;
	objects = {

/* Begin PBXBuildFile section */
		7E592DD32057B24C00EA7DCB /* AppDelegate.swift in Sources */ = {isa = PBXBuildFile; fileRef = 7E592DD22057B24C00EA7DCB /* AppDelegate.swift */; };
		7E592DD52057B24C00EA7DCB /* ViewController.swift in Sources */ = {isa = PBXBuildFile; fileRef = 7E592DD42057B24C00EA7DCB /* ViewController.swift */; };
		7E592DD82057B24C00EA7DCB /* Main.storyboard in Resources */ = {isa = PBXBuildFile; fileRef = 7E592DD62057B24C00EA7DCB /* Main.storyboard */; };
		7E592DDA2057B24C00EA7DCB /* Assets.xcassets in Resources */ = {isa = PBXBuildFile; fileRef = 7E592DD92057B24C00EA7DCB /* Assets.xcassets */; };
		7E592DDD2057B24C00EA7DCB /* LaunchScreen.storyboard in Resources */ = {isa = PBXBuildFile; fileRef = 7E592DDB2057B24C00EA7DCB /* LaunchScreen.storyboard */; };
		7E592DE82057B24D00EA7DCB /* UnitTestTrainingTests.swift in Sources */ = {isa = PBXBuildFile; fileRef = 7E592DE72057B24D00EA7DCB /* UnitTestTrainingTests.swift */; };
		7E592DF52057C28500EA7DCB /* LoginViewModel.swift in Sources */ = {isa = PBXBuildFile; fileRef = 7E592DF42057C28500EA7DCB /* LoginViewModel.swift */; };
		7E592DF62057C28500EA7DCB /* LoginViewModel.swift in Sources */ = {isa = PBXBuildFile; fileRef = 7E592DF42057C28500EA7DCB /* LoginViewModel.swift */; };
/* End PBXBuildFile section */

/* Begin PBXContainerItemProxy section */
		7E592DE42057B24D00EA7DCB /* PBXContainerItemProxy */ = {
			isa = PBXContainerItemProxy;
			containerPortal = 7E592DC72057B24C00EA7DCB /* Project object */;
			proxyType = 1;
			remoteGlobalIDString = 7E592DCE2057B24C00EA7DCB;
			remoteInfo = UnitTestTraining;
		};
/* End PBXContainerItemProxy section */

/* Begin PBXFileReference section */
		7E592DCF2057B24C00EA7DCB /* UnitTestTraining.app */ = {isa = PBXFileReference; explicitFileType = wrapper.application; includeInIndex = 0; path = UnitTestTraining.app; sourceTree = BUILT_PRODUCTS_DIR; };
		7E592DD22057B24C00EA7DCB /* AppDelegate.swift */ = {isa = PBXFileReference; lastKnownFileType = sourcecode.swift; path = AppDelegate.swift; sourceTree = "<group>"; };
		7E592DD42057B24C00EA7DCB /* ViewController.swift */ = {isa = PBXFileReference; lastKnownFileType = sourcecode.swift; path = ViewController.swift; sourceTree = "<group>"; };
		7E592DD72057B24C00EA7DCB /* Base */ = {isa = PBXFileReference; lastKnownFileType = file.storyboard; name = Base; path = Base.lproj/Main.storyboard; sourceTree = "<group>"; };
		7E592DD92057B24C00EA7DCB /* Assets.xcassets */ = {isa = PBXFileReference; lastKnownFileType = folder.assetcatalog; path = Assets.xcassets; sourceTree = "<group>"; };
		7E592DDC2057B24C00EA7DCB /* Base */ = {isa = PBXFileReference; lastKnownFileType = file.storyboard; name = Base; path = Base.lproj/LaunchScreen.storyboard; sourceTree = "<group>"; };
		7E592DDE2057B24C00EA7DCB /* Info.plist */ = {isa = PBXFileReference; lastKnownFileType = text.plist.xml; path = Info.plist; sourceTree = "<group>"; };
		7E592DE32057B24D00EA7DCB /* UnitTestTrainingTests.xctest */ = {isa = PBXFileReference; explicitFileType = wrapper.cfbundle; includeInIndex = 0; path = UnitTestTrainingTests.xctest; sourceTree = BUILT_PRODUCTS_DIR; };
		7E592DE72057B24D00EA7DCB /* UnitTestTrainingTests.swift */ = {isa = PBXFileReference; lastKnownFileType = sourcecode.swift; path = UnitTestTrainingTests.swift; sourceTree = "<group>"; };
		7E592DE92057B24D00EA7DCB /* Info.plist */ = {isa = PBXFileReference; lastKnownFileType = text.plist.xml; path = Info.plist; sourceTree = "<group>"; };
		7E592DF42057C28500EA7DCB /* LoginViewModel.swift */ = {isa = PBXFileReference; lastKnownFileType = sourcecode.swift; path = LoginViewModel.swift; sourceTree = "<group>"; };
/* End PBXFileReference section */

/* Begin PBXFrameworksBuildPhase section */
		7E592DCC2057B24C00EA7DCB /* Frameworks */ = {
			isa = PBXFrameworksBuildPhase;
			buildActionMask = 2147483647;
			files = (
			);
			runOnlyForDeploymentPostprocessing = 0;
		};
		7E592DE02057B24D00EA7DCB /* Frameworks */ = {
			isa = PBXFrameworksBuildPhase;
			buildActionMask = 2147483647;
			files = (
			);
			runOnlyForDeploymentPostprocessing = 0;
		};
/* End PBXFrameworksBuildPhase section */

/* Begin PBXGroup section */
		7E592DC62057B24C00EA7DCB = {
			isa = PBXGroup;
			children = (
				7E592DD12057B24C00EA7DCB /* UnitTestTraining */,
				7E592DE62057B24D00EA7DCB /* UnitTestTrainingTests */,
				7E592DD02057B24C00EA7DCB /* Products */,
			);
			sourceTree = "<group>";
		};
		7E592DD02057B24C00EA7DCB /* Products */ = {
			isa = PBXGroup;
			children = (
				7E592DCF2057B24C00EA7DCB /* UnitTestTraining.app */,
				7E592DE32057B24D00EA7DCB /* UnitTestTrainingTests.xctest */,
			);
			name = Products;
			sourceTree = "<group>";
		};
		7E592DD12057B24C00EA7DCB /* UnitTestTraining */ = {
			isa = PBXGroup;
			children = (
				7E592DD22057B24C00EA7DCB /* AppDelegate.swift */,
				7E592DD42057B24C00EA7DCB /* ViewController.swift */,
				7E592DD62057B24C00EA7DCB /* Main.storyboard */,
				7E592DD92057B24C00EA7DCB /* Assets.xcassets */,
				7E592DDB2057B24C00EA7DCB /* LaunchScreen.storyboard */,
				7E592DF42057C28500EA7DCB /* LoginViewModel.swift */,
				7E592DDE2057B24C00EA7DCB /* Info.plist */,
			);
			path = UnitTestTraining;
			sourceTree = "<group>";
		};
		7E592DE62057B24D00EA7DCB /* UnitTestTrainingTests */ = {
			isa = PBXGroup;
			children = (
				7E592DE72057B24D00EA7DCB /* UnitTestTrainingTests.swift */,
				7E592DE92057B24D00EA7DCB /* Info.plist */,
			);
			path = UnitTestTrainingTests;
			sourceTree = "<group>";
		};
/* End PBXGroup section */

/* Begin PBXNativeTarget section */
		7E592DCE2057B24C00EA7DCB /* UnitTestTraining */ = {
			isa = PBXNativeTarget;
			buildConfigurationList = 7E592DEC2057B24D00EA7DCB /* Build configuration list for PBXNativeTarget "UnitTestTraining" */;
			buildPhases = (
				7E592DCB2057B24C00EA7DCB /* Sources */,
				7E592DCC2057B24C00EA7DCB /* Frameworks */,
				7E592DCD2057B24C00EA7DCB /* Resources */,
			);
			buildRules = (
			);
			dependencies = (
			);
			name = UnitTestTraining;
			productName = UnitTestTraining;
			productReference = 7E592DCF2057B24C00EA7DCB /* UnitTestTraining.app */;
			productType = "com.apple.product-type.application";
		};
		7E592DE22057B24D00EA7DCB /* UnitTestTrainingTests */ = {
			isa = PBXNativeTarget;
			buildConfigurationList = 7E592DEF2057B24D00EA7DCB /* Build configuration list for PBXNativeTarget "UnitTestTrainingTests" */;
			buildPhases = (
				7E592DDF2057B24D00EA7DCB /* Sources */,
				7E592DE02057B24D00EA7DCB /* Frameworks */,
				7E592DE12057B24D00EA7DCB /* Resources */,
			);
			buildRules = (
			);
			dependencies = (
				7E592DE52057B24D00EA7DCB /* PBXTargetDependency */,
			);
			name = UnitTestTrainingTests;
			productName = UnitTestTrainingTests;
			productReference = 7E592DE32057B24D00EA7DCB /* UnitTestTrainingTests.xctest */;
			productType = "com.apple.product-type.bundle.unit-test";
		};
/* End PBXNativeTarget section */

/* Begin PBXProject section */
		7E592DC72057B24C00EA7DCB /* Project object */ = {
			isa = PBXProject;
			attributes = {
				LastSwiftUpdateCheck = 0920;
				LastUpgradeCheck = 0920;
				ORGANIZATIONNAME = Waleed;
				TargetAttributes = {
					7E592DCE2057B24C00EA7DCB = {
						CreatedOnToolsVersion = 9.2;
						ProvisioningStyle = Automatic;
					};
					7E592DE22057B24D00EA7DCB = {
						CreatedOnToolsVersion = 9.2;
						ProvisioningStyle = Automatic;
						TestTargetID = 7E592DCE2057B24C00EA7DCB;
					};
				};
			};
			buildConfigurationList = 7E592DCA2057B24C00EA7DCB /* Build configuration list for PBXProject "UnitTestTraining" */;
			compatibilityVersion = "Xcode 8.0";
			developmentRegion = en;
			hasScannedForEncodings = 0;
			knownRegions = (
				en,
				Base,
			);
			mainGroup = 7E592DC62057B24C00EA7DCB;
			productRefGroup = 7E592DD02057B24C00EA7DCB /* Products */;
			projectDirPath = "";
			projectRoot = "";
			targets = (
				7E592DCE2057B24C00EA7DCB /* UnitTestTraining */,
				7E592DE22057B24D00EA7DCB /* UnitTestTrainingTests */,
			);
		};
/* End PBXProject section */

/* Begin PBXResourcesBuildPhase section */
		7E592DCD2057B24C00EA7DCB /* Resources */ = {
			isa = PBXResourcesBuildPhase;
			buildActionMask = 2147483647;
			files = (
				7E592DDD2057B24C00EA7DCB /* LaunchScreen.storyboard in Resources */,
				7E592DDA2057B24C00EA7DCB /* Assets.xcassets in Resources */,
				7E592DD82057B24C00EA7DCB /* Main.storyboard in Resources */,
			);
			runOnlyForDeploymentPostprocessing = 0;
		};
		7E592DE12057B24D00EA7DCB /* Resources */ = {
			isa = PBXResourcesBuildPhase;
			buildActionMask = 2147483647;
			files = (
			);
			runOnlyForDeploymentPostprocessing = 0;
		};
/* End PBXResourcesBuildPhase section */

/* Begin PBXSourcesBuildPhase section */
		7E592DCB2057B24C00EA7DCB /* Sources */ = {
			isa = PBXSourcesBuildPhase;
			buildActionMask = 2147483647;
			files = (
				7E592DD52057B24C00EA7DCB /* ViewController.swift in Sources */,
				7E592DD32057B24C00EA7DCB /* AppDelegate.swift in Sources */,
				7E592DF52057C28500EA7DCB /* LoginViewModel.swift in Sources */,
			);
			runOnlyForDeploymentPostprocessing = 0;
		};
		7E592DDF2057B24D00EA7DCB /* Sources */ = {
			isa = PBXSourcesBuildPhase;
			buildActionMask = 2147483647;
			files = (
				7E592DF62057C28500EA7DCB /* LoginViewModel.swift in Sources */,
				7E592DE82057B24D00EA7DCB /* UnitTestTrainingTests.swift in Sources */,
			);
			runOnlyForDeploymentPostprocessing = 0;
		};
/* End PBXSourcesBuildPhase section */

/* Begin PBXTargetDependency section */
		7E592DE52057B24D00EA7DCB /* PBXTargetDependency */ = {
			isa = PBXTargetDependency;
			target = 7E592DCE2057B24C00EA7DCB /* UnitTestTraining */;
			targetProxy = 7E592DE42057B24D00EA7DCB /* PBXContainerItemProxy */;
		};
/* End PBXTargetDependency section */

/* Begin PBXVariantGroup section */
		7E592DD62057B24C00EA7DCB /* Main.storyboard */ = {
			isa = PBXVariantGroup;
			children = (
				7E592DD72057B24C00EA7DCB /* Base */,
			);
			name = Main.storyboard;
			sourceTree = "<group>";
		};
		7E592DDB2057B24C00EA7DCB /* LaunchScreen.storyboard */ = {
			isa = PBXVariantGroup;
			children = (
				7E592DDC2057B24C00EA7DCB /* Base */,
			);
			name = LaunchScreen.storyboard;
			sourceTree = "<group>";
		};
/* End PBXVariantGroup section */

/* Begin XCBuildConfiguration section */
		7E592DEA2057B24D00EA7DCB /* Debug */ = {
			isa = XCBuildConfiguration;
			buildSettings = {
				ALWAYS_SEARCH_USER_PATHS = NO;
				CLANG_ANALYZER_NONNULL = YES;
				CLANG_ANALYZER_NUMBER_OBJECT_CONVERSION = YES_AGGRESSIVE;
				CLANG_CXX_LANGUAGE_STANDARD = "gnu++14";
				CLANG_CXX_LIBRARY = "libc++";
				CLANG_ENABLE_MODULES = YES;
				CLANG_ENABLE_OBJC_ARC = YES;
				CLANG_WARN_BLOCK_CAPTURE_AUTORELEASING = YES;
				CLANG_WARN_BOOL_CONVERSION = YES;
				CLANG_WARN_COMMA = YES;
				CLANG_WARN_CONSTANT_CONVERSION = YES;
				CLANG_WARN_DIRECT_OBJC_ISA_USAGE = YES_ERROR;
				CLANG_WARN_DOCUMENTATION_COMMENTS = YES;
				CLANG_WARN_EMPTY_BODY = YES;
				CLANG_WARN_ENUM_CONVERSION = YES;
				CLANG_WARN_INFINITE_RECURSION = YES;
				CLANG_WARN_INT_CONVERSION = YES;
				CLANG_WARN_NON_LITERAL_NULL_CONVERSION = YES;
				CLANG_WARN_OBJC_LITERAL_CONVERSION = YES;
				CLANG_WARN_OBJC_ROOT_CLASS = YES_ERROR;
				CLANG_WARN_RANGE_LOOP_ANALYSIS = YES;
				CLANG_WARN_STRICT_PROTOTYPES = YES;
				CLANG_WARN_SUSPICIOUS_MOVE = YES;
				CLANG_WARN_UNGUARDED_AVAILABILITY = YES_AGGRESSIVE;
				CLANG_WARN_UNREACHABLE_CODE = YES;
				CLANG_WARN__DUPLICATE_METHOD_MATCH = YES;
				CODE_SIGN_IDENTITY = "iPhone Developer";
				COPY_PHASE_STRIP = NO;
				DEBUG_INFORMATION_FORMAT = dwarf;
				ENABLE_STRICT_OBJC_MSGSEND = YES;
				ENABLE_TESTABILITY = YES;
				GCC_C_LANGUAGE_STANDARD = gnu11;
				GCC_DYNAMIC_NO_PIC = NO;
				GCC_NO_COMMON_BLOCKS = YES;
				GCC_OPTIMIZATION_LEVEL = 0;
				GCC_PREPROCESSOR_DEFINITIONS = (
					"DEBUG=1",
					"$(inherited)",
				);
				GCC_WARN_64_TO_32_BIT_CONVERSION = YES;
				GCC_WARN_ABOUT_RETURN_TYPE = YES_ERROR;
				GCC_WARN_UNDECLARED_SELECTOR = YES;
				GCC_WARN_UNINITIALIZED_AUTOS = YES_AGGRESSIVE;
				GCC_WARN_UNUSED_FUNCTION = YES;
				GCC_WARN_UNUSED_VARIABLE = YES;
				IPHONEOS_DEPLOYMENT_TARGET = 11.2;
				MTL_ENABLE_DEBUG_INFO = YES;
				ONLY_ACTIVE_ARCH = YES;
				SDKROOT = iphoneos;
				SWIFT_ACTIVE_COMPILATION_CONDITIONS = DEBUG;
				SWIFT_OPTIMIZATION_LEVEL = "-Onone";
			};
			name = Debug;
		};
		7E592DEB2057B24D00EA7DCB /* Release */ = {
			isa = XCBuildConfiguration;
			buildSettings = {
				ALWAYS_SEARCH_USER_PATHS = NO;
				CLANG_ANALYZER_NONNULL = YES;
				CLANG_ANALYZER_NUMBER_OBJECT_CONVERSION = YES_AGGRESSIVE;
				CLANG_CXX_LANGUAGE_STANDARD = "gnu++14";
				CLANG_CXX_LIBRARY = "libc++";
				CLANG_ENABLE_MODULES = YES;
				CLANG_ENABLE_OBJC_ARC = YES;
				CLANG_WARN_BLOCK_CAPTURE_AUTORELEASING = YES;
				CLANG_WARN_BOOL_CONVERSION = YES;
				CLANG_WARN_COMMA = YES;
				CLANG_WARN_CONSTANT_CONVERSION = YES;
				CLANG_WARN_DIRECT_OBJC_ISA_USAGE = YES_ERROR;
				CLANG_WARN_DOCUMENTATION_COMMENTS = YES;
				CLANG_WARN_EMPTY_BODY = YES;
				CLANG_WARN_ENUM_CONVERSION = YES;
				CLANG_WARN_INFINITE_RECURSION = YES;
				CLANG_WARN_INT_CONVERSION = YES;
				CLANG_WARN_NON_LITERAL_NULL_CONVERSION = YES;
				CLANG_WARN_OBJC_LITERAL_CONVERSION = YES;
				CLANG_WARN_OBJC_ROOT_CLASS = YES_ERROR;
				CLANG_WARN_RANGE_LOOP_ANALYSIS = YES;
				CLANG_WARN_STRICT_PROTOTYPES = YES;
				CLANG_WARN_SUSPICIOUS_MOVE = YES;
				CLANG_WARN_UNGUARDED_AVAILABILITY = YES_AGGRESSIVE;
				CLANG_WARN_UNREACHABLE_CODE = YES;
				CLANG_WARN__DUPLICATE_METHOD_MATCH = YES;
				CODE_SIGN_IDENTITY = "iPhone Developer";
				COPY_PHASE_STRIP = NO;
				DEBUG_INFORMATION_FORMAT = "dwarf-with-dsym";
				ENABLE_NS_ASSERTIONS = NO;
				ENABLE_STRICT_OBJC_MSGSEND = YES;
				GCC_C_LANGUAGE_STANDARD = gnu11;
				GCC_NO_COMMON_BLOCKS = YES;
				GCC_WARN_64_TO_32_BIT_CONVERSION = YES;
				GCC_WARN_ABOUT_RETURN_TYPE = YES_ERROR;
				GCC_WARN_UNDECLARED_SELECTOR = YES;
				GCC_WARN_UNINITIALIZED_AUTOS = YES_AGGRESSIVE;
				GCC_WARN_UNUSED_FUNCTION = YES;
				GCC_WARN_UNUSED_VARIABLE = YES;
				IPHONEOS_DEPLOYMENT_TARGET = 11.2;
				MTL_ENABLE_DEBUG_INFO = NO;
				SDKROOT = iphoneos;
				SWIFT_OPTIMIZATION_LEVEL = "-Owholemodule";
				VALIDATE_PRODUCT = YES;
			};
			name = Release;
		};
		7E592DED2057B24D00EA7DCB /* Debug */ = {
			isa = XCBuildConfiguration;
			buildSettings = {
				ASSETCATALOG_COMPILER_APPICON_NAME = AppIcon;
				CODE_SIGN_STYLE = Automatic;
				INFOPLIST_FILE = UnitTestTraining/Info.plist;
				LD_RUNPATH_SEARCH_PATHS = "$(inherited) @executable_path/Frameworks";
				PRODUCT_BUNDLE_IDENTIFIER = com.uwanttolearn.UnitTestTraining;
				PRODUCT_NAME = "$(TARGET_NAME)";
				SWIFT_VERSION = 4.0;
				TARGETED_DEVICE_FAMILY = "1,2";
			};
			name = Debug;
		};
		7E592DEE2057B24D00EA7DCB /* Release */ = {
			isa = XCBuildConfiguration;
			buildSettings = {
				ASSETCATALOG_COMPILER_APPICON_NAME = AppIcon;
				CODE_SIGN_STYLE = Automatic;
				INFOPLIST_FILE = UnitTestTraining/Info.plist;
				LD_RUNPATH_SEARCH_PATHS = "$(inherited) @executable_path/Frameworks";
				PRODUCT_BUNDLE_IDENTIFIER = com.uwanttolearn.UnitTestTraining;
				PRODUCT_NAME = "$(TARGET_NAME)";
				SWIFT_VERSION = 4.0;
				TARGETED_DEVICE_FAMILY = "1,2";
			};
			name = Release;
		};
		7E592DF02057B24D00EA7DCB /* Debug */ = {
			isa = XCBuildConfiguration;
			buildSettings = {
				ALWAYS_EMBED_SWIFT_STANDARD_LIBRARIES = YES;
				BUNDLE_LOADER = "$(TEST_HOST)";
				CODE_SIGN_STYLE = Automatic;
				INFOPLIST_FILE = UnitTestTrainingTests/Info.plist;
				LD_RUNPATH_SEARCH_PATHS = "$(inherited) @executable_path/Frameworks @loader_path/Frameworks";
				PRODUCT_BUNDLE_IDENTIFIER = com.uwanttolearn.UnitTestTrainingTests;
				PRODUCT_NAME = "$(TARGET_NAME)";
				SWIFT_VERSION = 4.0;
				TARGETED_DEVICE_FAMILY = "1,2";
				TEST_HOST = "$(BUILT_PRODUCTS_DIR)/UnitTestTraining.app/UnitTestTraining";
			};
			name = Debug;
		};
		7E592DF12057B24D00EA7DCB /* Release */ = {
			isa = XCBuildConfiguration;
			buildSettings = {
				ALWAYS_EMBED_SWIFT_STANDARD_LIBRARIES = YES;
				BUNDLE_LOADER = "$(TEST_HOST)";
				CODE_SIGN_STYLE = Automatic;
				INFOPLIST_FILE = UnitTestTrainingTests/Info.plist;
				LD_RUNPATH_SEARCH_PATHS = "$(inherited) @executable_path/Frameworks @loader_path/Frameworks";
				PRODUCT_BUNDLE_IDENTIFIER = com.uwanttolearn.UnitTestTrainingTests;
				PRODUCT_NAME = "$(TARGET_NAME)";
				SWIFT_VERSION = 4.0;
				TARGETED_DEVICE_FAMILY = "1,2";
				TEST_HOST = "$(BUILT_PRODUCTS_DIR)/UnitTestTraining.app/UnitTestTraining";
			};
			name = Release;
		};
/* End XCBuildConfiguration section */

/* Begin XCConfigurationList section */
		7E592DCA2057B24C00EA7DCB /* Build configuration list for PBXProject "UnitTestTraining" */ = {
			isa = XCConfigurationList;
			buildConfigurations = (
				7E592DEA2057B24D00EA7DCB /* Debug */,
				7E592DEB2057B24D00EA7DCB /* Release */,
			);
			defaultConfigurationIsVisible = 0;
			defaultConfigurationName = Release;
		};
		7E592DEC2057B24D00EA7DCB /* Build configuration list for PBXNativeTarget "UnitTestTraining" */ = {
			isa = XCConfigurationList;
			buildConfigurations = (
				7E592DED2057B24D00EA7DCB /* Debug */,
				7E592DEE2057B24D00EA7DCB /* Release */,
			);
			defaultConfigurationIsVisible = 0;
			defaultConfigurationName = Release;
		};
		7E592DEF2057B24D00EA7DCB /* Build configuration list for PBXNativeTarget "UnitTestTrainingTests" */ = {
			isa = XCConfigurationList;
			buildConfigurations = (
				7E592DF02057B24D00EA7DCB /* Debug */,
				7E592DF12057B24D00EA7DCB /* Release */,
			);
			defaultConfigurationIsVisible = 0;
			defaultConfigurationName = Release;
		};
/* End XCConfigurationList section */
	};
	rootObject = 7E592DC72057B24C00EA7DCB /* Project object */;
}
